
Microsoft Visual Studio Solution File, Format Version 12.00
Project("{FAE04EC0-301F-11D3-BF4B-00C04F79EFBC}") = "Avalonia.Wallet.Sample", "Avalonia.Wallet.Sample\Avalonia.Wallet.Sample.csproj", "{2BEE9451-229E-4F29-BDB5-85B081E79B9C}"
EndProject
Global
	GlobalSection(SolutionConfigurationPlatforms) = preSolution
		Debug|Any CPU = Debug|Any CPU
		Release|Any CPU = Release|Any CPU
	EndGlobalSection
	GlobalSection(ProjectConfigurationPlatforms) = postSolution
		{2BEE9451-229E-4F29-BDB5-85B081E79B9C}.Debug|Any CPU.ActiveCfg = Debug|Any CPU
		{2BEE9451-229E-4F29-BDB5-85B081E79B9C}.Debug|Any CPU.Build.0 = Debug|Any CPU
		{2BEE9451-229E-4F29-BDB5-85B081E79B9C}.Release|Any CPU.ActiveCfg = Release|Any CPU
		{2BEE9451-229E-4F29-BDB5-85B081E79B9C}.Release|Any CPU.Build.0 = Release|Any CPU
	EndGlobalSection
EndGlobal
